
Microsoft Visual Studio Solution File, Format Version 12.00
# Visual Studio Version 17
VisualStudioVersion = 17.0.32014.148
MinimumVisualStudioVersion = 10.0.40219.1
Project("{FAE04EC0-301F-11D3-BF4B-00C04F79EFBC}") = "1. MusicHub Database", "1. MusicHub Database\1. MusicHub Database.csproj", "{ACFDA5F5-3B91-4B73-A3C8-E762249FEDCC}"
EndProject
Global
	GlobalSection(SolutionConfigurationPlatforms) = preSolution
		Debug|Any CPU = Debug|Any CPU
		Release|Any CPU = Release|Any CPU
	EndGlobalSection
	GlobalSection(ProjectConfigurationPlatforms) = postSolution
		{ACFDA5F5-3B91-4B73-A3C8-E762249FEDCC}.Debug|Any CPU.ActiveCfg = Debug|Any CPU
		{ACFDA5F5-3B91-4B73-A3C8-E762249FEDCC}.Debug|Any CPU.Build.0 = Debug|Any CPU
		{ACFDA5F5-3B91-4B73-A3C8-E762249FEDCC}.Release|Any CPU.ActiveCfg = Release|Any CPU
		{ACFDA5F5-3B91-4B73-A3C8-E762249FEDCC}.Release|Any CPU.Build.0 = Release|Any CPU
	EndGlobalSection
	GlobalSection(SolutionProperties) = preSolution
		HideSolutionNode = FALSE
	EndGlobalSection
	GlobalSection(ExtensibilityGlobals) = postSolution
		SolutionGuid = {3A0A5F91-CAE3-487B-8517-DA7154269012}
	EndGlobalSection
EndGlobal
